
Microsoft Visual Studio Solution File, Format Version 10.00
# Visual Studio 2008
Project("{8BC9CEB8-8B4A-11D0-8D11-00A0C91BC942}") = "gts", "gts.vcproj", "{93874872-BF9F-4049-A5E0-918C1AB4A048}"
EndProject
Global
	GlobalSection(SolutionConfigurationPlatforms) = preSolution
		Debug|Win32 = Debug|Win32
		Debug|x64 = Debug|x64
		Release|Win32 = Release|Win32
		Release|x64 = Release|x64
	EndGlobalSection
	GlobalSection(ProjectConfigurationPlatforms) = postSolution
		{93874872-BF9F-4049-A5E0-918C1AB4A048}.Debug|Win32.ActiveCfg = Debug|Win32
		{93874872-BF9F-4049-A5E0-918C1AB4A048}.Debug|Win32.Build.0 = Debug|Win32
		{93874872-BF9F-4049-A5E0-918C1AB4A048}.Debug|x64.ActiveCfg = Debug|x64
		{93874872-BF9F-4049-A5E0-918C1AB4A048}.Debug|x64.Build.0 = Debug|x64
		{93874872-BF9F-4049-A5E0-918C1AB4A048}.Release|Win32.ActiveCfg = Release|Win32
		{93874872-BF9F-4049-A5E0-918C1AB4A048}.Release|Win32.Build.0 = Release|Win32
		{93874872-BF9F-4049-A5E0-918C1AB4A048}.Release|x64.ActiveCfg = Release|x64
		{93874872-BF9F-4049-A5E0-918C1AB4A048}.Release|x64.Build.0 = Release|x64
	EndGlobalSection
	GlobalSection(SolutionProperties) = preSolution
		HideSolutionNode = FALSE
	EndGlobalSection
EndGlobal
